// !$*UTF8*$!
{
	archiveVersion = 1;
	classes = {
	};
	objectVersion = 46;
	objects = {

/* Begin PBXBuildFile section */
		E8EE28891CC71C9200192296 /* main.m in Sources */ = {isa = PBXBuildFile; fileRef = E8EE28881CC71C9200192296 /* main.m */; };
		E8EE288C1CC71C9200192296 /* AppDelegate.m in Sources */ = {isa = PBXBuildFile; fileRef = E8EE288B1CC71C9200192296 /* AppDelegate.m */; };
		E8EE288F1CC71C9200192296 /* ViewController.m in Sources */ = {isa = PBXBuildFile; fileRef = E8EE288E1CC71C9200192296 /* ViewController.m */; };
		E8EE28921CC71C9200192296 /* Main.storyboard in Resources */ = {isa = PBXBuildFile; fileRef = E8EE28901CC71C9200192296 /* Main.storyboard */; };
		E8EE28941CC71C9200192296 /* Assets.xcassets in Resources */ = {isa = PBXBuildFile; fileRef = E8EE28931CC71C9200192296 /* Assets.xcassets */; };
		E8EE28971CC71C9200192296 /* LaunchScreen.storyboard in Resources */ = {isa = PBXBuildFile; fileRef = E8EE28951CC71C9200192296 /* LaunchScreen.storyboard */; };
/* End PBXBuildFile section */

/* Begin PBXFileReference section */
		E8EE28841CC71C9200192296 /* HelloWorld.app */ = {isa = PBXFileReference; explicitFileType = wrapper.application; includeInIndex = 0; path = HelloWorld.app; sourceTree = BUILT_PRODUCTS_DIR; };
		E8EE28881CC71C9200192296 /* main.m */ = {isa = PBXFileReference; lastKnownFileType = sourcecode.c.objc; path = main.m; sourceTree = "<group>"; };
		E8EE288A1CC71C9200192296 /* AppDelegate.h */ = {isa = PBXFileReference; lastKnownFileType = sourcecode.c.h; path = AppDelegate.h; sourceTree = "<group>"; };
		E8EE288B1CC71C9200192296 /* AppDelegate.m */ = {isa = PBXFileReference; lastKnownFileType = sourcecode.c.objc; path = AppDelegate.m; sourceTree = "<group>"; };
		E8EE288D1CC71C9200192296 /* ViewController.h */ = {isa = PBXFileReference; lastKnownFileType = sourcecode.c.h; path = ViewController.h; sourceTree = "<group>"; };
		E8EE288E1CC71C9200192296 /* ViewController.m */ = {isa = PBXFileReference; lastKnownFileType = sourcecode.c.objc; path = ViewController.m; sourceTree = "<group>"; };
		E8EE28911CC71C9200192296 /* Base */ = {isa = PBXFileReference; lastKnownFileType = file.storyboard; name = Base; path = Base.lproj/Main.storyboard; sourceTree = "<group>"; };
		E8EE28931CC71C9200192296 /* Assets.xcassets */ = {isa = PBXFileReference; lastKnownFileType = folder.assetcatalog; path = Assets.xcassets; sourceTree = "<group>"; };
		E8EE28961CC71C9200192296 /* Base */ = {isa = PBXFileReference; lastKnownFileType = file.storyboard; name = Base; path = Base.lproj/LaunchScreen.storyboard; sourceTree = "<group>"; };
		E8EE28981CC71C9200192296 /* Info.plist */ = {isa = PBXFileReference; lastKnownFileType = text.plist.xml; path = Info.plist; sourceTree = "<group>"; };
/* End PBXFileReference section */

/* Begin PBXFrameworksBuildPhase section */
		E8EE28811CC71C9200192296 /* Frameworks */ = {
			isa = PBXFrameworksBuildPhase;
			buildActionMask = 2147483647;
			files = (
			);
			runOnlyForDeploymentPostprocessing = 0;
		};
/* End PBXFrameworksBuildPhase section */

/* Begin PBXGroup section */
		E8EE287B1CC71C9200192296 = {
			isa = PBXGroup;
			children = (
				E8EE28861CC71C9200192296 /* HelloWorld */,
				E8EE28851CC71C9200192296 /* Products */,
			);
			sourceTree = "<group>";
		};
		E8EE28851CC71C9200192296 /* Products */ = {
			isa = PBXGroup;
			children = (
				E8EE28841CC71C9200192296 /* HelloWorld.app */,
			);
			name = Products;
			sourceTree = "<group>";
		};
		E8EE28861CC71C9200192296 /* HelloWorld */ = {
			isa = PBXGroup;
			children = (
				E8EE288A1CC71C9200192296 /* AppDelegate.h */,
				E8EE288B1CC71C9200192296 /* AppDelegate.m */,
				E8EE288D1CC71C9200192296 /* ViewController.h */,
				E8EE288E1CC71C9200192296 /* ViewController.m */,
				E8EE28901CC71C9200192296 /* Main.storyboard */,
				E8EE28931CC71C9200192296 /* Assets.xcassets */,
				E8EE28951CC71C9200192296 /* LaunchScreen.storyboard */,
				E8EE28981CC71C9200192296 /* Info.plist */,
				E8EE28871CC71C9200192296 /* Supporting Files */,
			);
			path = HelloWorld;
			sourceTree = "<group>";
		};
		E8EE28871CC71C9200192296 /* Supporting Files */ = {
			isa = PBXGroup;
			children = (
				E8EE28881CC71C9200192296 /* main.m */,
			);
			name = "Supporting Files";
			sourceTree = "<group>";
		};
/* End PBXGroup section */

/* Begin PBXNativeTarget section */
		E8EE28831CC71C9200192296 /* HelloWorld */ = {
			isa = PBXNativeTarget;
			buildConfigurationList = E8EE289B1CC71C9200192296 /* Build configuration list for PBXNativeTarget "HelloWorld" */;
			buildPhases = (
				E8EE28801CC71C9200192296 /* Sources */,
				E8EE28811CC71C9200192296 /* Frameworks */,
				E8EE28821CC71C9200192296 /* Resources */,
			);
			buildRules = (
			);
			dependencies = (
			);
			name = HelloWorld;
			productName = HelloWorld;
			productReference = E8EE28841CC71C9200192296 /* HelloWorld.app */;
			productType = "com.apple.product-type.application";
		};
/* End PBXNativeTarget section */

/* Begin PBXProject section */
		E8EE287C1CC71C9200192296 /* Project object */ = {
			isa = PBXProject;
			attributes = {
				LastUpgradeCheck = 0730;
				ORGANIZATIONNAME = "Yahoo!";
				TargetAttributes = {
					E8EE28831CC71C9200192296 = {
						CreatedOnToolsVersion = 7.3;
					};
				};
			};
			buildConfigurationList = E8EE287F1CC71C9200192296 /* Build configuration list for PBXProject "HelloWorld" */;
			compatibilityVersion = "Xcode 3.2";
			developmentRegion = English;
			hasScannedForEncodings = 0;
			knownRegions = (
				en,
				Base,
			);
			mainGroup = E8EE287B1CC71C9200192296;
			productRefGroup = E8EE28851CC71C9200192296 /* Products */;
			projectDirPath = "";
			projectRoot = "";
			targets = (
				E8EE28831CC71C9200192296 /* HelloWorld */,
			);
		};
/* End PBXProject section */

/* Begin PBXResourcesBuildPhase section */
		E8EE28821CC71C9200192296 /* Resources */ = {
			isa = PBXResourcesBuildPhase;
			buildActionMask = 2147483647;
			files = (
				E8EE28971CC71C9200192296 /* LaunchScreen.storyboard in Resources */,
				E8EE28941CC71C9200192296 /* Assets.xcassets in Resources */,
				E8EE28921CC71C9200192296 /* Main.storyboard in Resources */,
			);
			runOnlyForDeploymentPostprocessing = 0;
		};
/* End PBXResourcesBuildPhase section */

/* Begin PBXSourcesBuildPhase section */
		E8EE28801CC71C9200192296 /* Sources */ = {
			isa = PBXSourcesBuildPhase;
			buildActionMask = 2147483647;
			files = (
				E8EE288F1CC71C9200192296 /* ViewController.m in Sources */,
				E8EE288C1CC71C9200192296 /* AppDelegate.m in Sources */,
				E8EE28891CC71C9200192296 /* main.m in Sources */,
			);
			runOnlyForDeploymentPostprocessing = 0;
		};
/* End PBXSourcesBuildPhase section */

/* Begin PBXVariantGroup section */
		E8EE28901CC71C9200192296 /* Main.storyboard */ = {
			isa = PBXVariantGroup;
			children = (
				E8EE28911CC71C9200192296 /* Base */,
			);
			name = Main.storyboard;
			sourceTree = "<group>";
		};
		E8EE28951CC71C9200192296 /* LaunchScreen.storyboard */ = {
			isa = PBXVariantGroup;
			children = (
				E8EE28961CC71C9200192296 /* Base */,
			);
			name = LaunchScreen.storyboard;
			sourceTree = "<group>";
		};
/* End PBXVariantGroup section */

/* Begin XCBuildConfiguration section */
		E8EE28991CC71C9200192296 /* Debug */ = {
			isa = XCBuildConfiguration;
			buildSettings = {
				ALWAYS_SEARCH_USER_PATHS = NO;
				CLANG_ANALYZER_NONNULL = YES;
				CLANG_CXX_LANGUAGE_STANDARD = "gnu++0x";
				CLANG_CXX_LIBRARY = "libc++";
				CLANG_ENABLE_MODULES = YES;
				CLANG_ENABLE_OBJC_ARC = YES;
				CLANG_WARN_BOOL_CONVERSION = YES;
				CLANG_WARN_CONSTANT_CONVERSION = YES;
				CLANG_WARN_DIRECT_OBJC_ISA_USAGE = YES_ERROR;
				CLANG_WARN_EMPTY_BODY = YES;
				CLANG_WARN_ENUM_CONVERSION = YES;
				CLANG_WARN_INT_CONVERSION = YES;
				CLANG_WARN_OBJC_ROOT_CLASS = YES_ERROR;
				CLANG_WARN_UNREACHABLE_CODE = YES;
				CLANG_WARN__DUPLICATE_METHOD_MATCH = YES;
				"CODE_SIGN_IDENTITY[sdk=iphoneos*]" = "iPhone Developer";
				COPY_PHASE_STRIP = NO;
				DEBUG_INFORMATION_FORMAT = dwarf;
				ENABLE_STRICT_OBJC_MSGSEND = YES;
				ENABLE_TESTABILITY = YES;
				GCC_C_LANGUAGE_STANDARD = gnu99;
				GCC_DYNAMIC_NO_PIC = NO;
				GCC_NO_COMMON_BLOCKS = YES;
				GCC_OPTIMIZATION_LEVEL = 0;
				GCC_PREPROCESSOR_DEFINITIONS = (
					"DEBUG=1",
					"$(inherited)",
				);
				GCC_WARN_64_TO_32_BIT_CONVERSION = YES;
				GCC_WARN_ABOUT_RETURN_TYPE = YES_ERROR;
				GCC_WARN_UNDECLARED_SELECTOR = YES;
				GCC_WARN_UNINITIALIZED_AUTOS = YES_AGGRESSIVE;
				GCC_WARN_UNUSED_FUNCTION = YES;
				GCC_WARN_UNUSED_VARIABLE = YES;
				IPHONEOS_DEPLOYMENT_TARGET = 9.3;
				MTL_ENABLE_DEBUG_INFO = YES;
				ONLY_ACTIVE_ARCH = YES;
				SDKROOT = iphoneos;
				TARGETED_DEVICE_FAMILY = "1,2";
			};
			name = Debug;
		};
		E8EE289A1CC71C9200192296 /* Release */ = {
			isa = XCBuildConfiguration;
			buildSettings = {
				ALWAYS_SEARCH_USER_PATHS = NO;
				CLANG_ANALYZER_NONNULL = YES;
				CLANG_CXX_LANGUAGE_STANDARD = "gnu++0x";
				CLANG_CXX_LIBRARY = "libc++";
				CLANG_ENABLE_MODULES = YES;
				CLANG_ENABLE_OBJC_ARC = YES;
				CLANG_WARN_BOOL_CONVERSION = YES;
				CLANG_WARN_CONSTANT_CONVERSION = YES;
				CLANG_WARN_DIRECT_OBJC_ISA_USAGE = YES_ERROR;
				CLANG_WARN_EMPTY_BODY = YES;
				CLANG_WARN_ENUM_CONVERSION = YES;
				CLANG_WARN_INT_CONVERSION = YES;
				CLANG_WARN_OBJC_ROOT_CLASS = YES_ERROR;
				CLANG_WARN_UNREACHABLE_CODE = YES;
				CLANG_WARN__DUPLICATE_METHOD_MATCH = YES;
				"CODE_SIGN_IDENTITY[sdk=iphoneos*]" = "iPhone Developer";
				COPY_PHASE_STRIP = NO;
				DEBUG_INFORMATION_FORMAT = "dwarf-with-dsym";
				ENABLE_NS_ASSERTIONS = NO;
				ENABLE_STRICT_OBJC_MSGSEND = YES;
				GCC_C_LANGUAGE_STANDARD = gnu99;
				GCC_NO_COMMON_BLOCKS = YES;
				GCC_WARN_64_TO_32_BIT_CONVERSION = YES;
				GCC_WARN_ABOUT_RETURN_TYPE = YES_ERROR;
				GCC_WARN_UNDECLARED_SELECTOR = YES;
				GCC_WARN_UNINITIALIZED_AUTOS = YES_AGGRESSIVE;
				GCC_WARN_UNUSED_FUNCTION = YES;
				GCC_WARN_UNUSED_VARIABLE = YES;
				IPHONEOS_DEPLOYMENT_TARGET = 9.3;
				MTL_ENABLE_DEBUG_INFO = NO;
				SDKROOT = iphoneos;
				TARGETED_DEVICE_FAMILY = "1,2";
				VALIDATE_PRODUCT = YES;
			};
			name = Release;
		};
		E8EE289C1CC71C9200192296 /* Debug */ = {
			isa = XCBuildConfiguration;
			buildSettings = {
				ASSETCATALOG_COMPILER_APPICON_NAME = AppIcon;
				INFOPLIST_FILE = HelloWorld/Info.plist;
				LD_RUNPATH_SEARCH_PATHS = "$(inherited) @executable_path/Frameworks";
				PRODUCT_BUNDLE_IDENTIFIER = com.eduardo.HelloWorld;
				PRODUCT_NAME = "$(TARGET_NAME)";
			};
			name = Debug;
		};
		E8EE289D1CC71C9200192296 /* Release */ = {
			isa = XCBuildConfiguration;
			buildSettings = {
				ASSETCATALOG_COMPILER_APPICON_NAME = AppIcon;
				INFOPLIST_FILE = HelloWorld/Info.plist;
				LD_RUNPATH_SEARCH_PATHS = "$(inherited) @executable_path/Frameworks";
				PRODUCT_BUNDLE_IDENTIFIER = com.eduardo.HelloWorld;
				PRODUCT_NAME = "$(TARGET_NAME)";
			};
			name = Release;
		};
/* End XCBuildConfiguration section */

/* Begin XCConfigurationList section */
		E8EE287F1CC71C9200192296 /* Build configuration list for PBXProject "HelloWorld" */ = {
			isa = XCConfigurationList;
			buildConfigurations = (
				E8EE28991CC71C9200192296 /* Debug */,
				E8EE289A1CC71C9200192296 /* Release */,
			);
			defaultConfigurationIsVisible = 0;
			defaultConfigurationName = Release;
		};
		E8EE289B1CC71C9200192296 /* Build configuration list for PBXNativeTarget "HelloWorld" */ = {
			isa = XCConfigurationList;
			buildConfigurations = (
				E8EE289C1CC71C9200192296 /* Debug */,
				E8EE289D1CC71C9200192296 /* Release */,
			);
			defaultConfigurationIsVisible = 0;
			defaultConfigurationName = Release;
		};
/* End XCConfigurationList section */
	};
	rootObject = E8EE287C1CC71C9200192296 /* Project object */;
}
